
Microsoft Visual Studio Solution File, Format Version 12.00
# Visual Studio Version 17
VisualStudioVersion = 17.6.33801.468
MinimumVisualStudioVersion = 10.0.40219.1
Project("{9A19103F-16F7-4668-BE54-9A1E7A4F7556}") = "IRSDKSharper", "IRSDKSharper.csproj", "{76C20468-C66C-49F2-BDC1-189467C5A49A}"
EndProject
Global
	GlobalSection(SolutionConfigurationPlatforms) = preSolution
		Debug|Any CPU = Debug|Any CPU
		Release|Any CPU = Release|Any CPU
	EndGlobalSection
	GlobalSection(ProjectConfigurationPlatforms) = postSolution
		{76C20468-C66C-49F2-BDC1-189467C5A49A}.Debug|Any CPU.ActiveCfg = Debug|Any CPU
		{76C20468-C66C-49F2-BDC1-189467C5A49A}.Debug|Any CPU.Build.0 = Debug|Any CPU
		{76C20468-C66C-49F2-BDC1-189467C5A49A}.Release|Any CPU.ActiveCfg = Release|Any CPU
		{76C20468-C66C-49F2-BDC1-189467C5A49A}.Release|Any CPU.Build.0 = Release|Any CPU
	EndGlobalSection
	GlobalSection(SolutionProperties) = preSolution
		HideSolutionNode = FALSE
	EndGlobalSection
	GlobalSection(ExtensibilityGlobals) = postSolution
		SolutionGuid = {FB0E7118-E131-43EC-9B26-775571B15355}
	EndGlobalSection
EndGlobal
