
Microsoft Visual Studio Solution File, Format Version 12.00
# Visual Studio Version 17
VisualStudioVersion = 17.11.35219.272
MinimumVisualStudioVersion = 10.0.40219.1
Project("{FAE04EC0-301F-11D3-BF4B-00C04F79EFBC}") = "IRSDKSharper", "IRSDKSharper.csproj", "{32F029B2-6E95-43BE-8497-9414DEFC80ED}"
EndProject
Global
	GlobalSection(SolutionConfigurationPlatforms) = preSolution
		Debug|Any CPU = Debug|Any CPU
		Release|Any CPU = Release|Any CPU
	EndGlobalSection
	GlobalSection(ProjectConfigurationPlatforms) = postSolution
		{32F029B2-6E95-43BE-8497-9414DEFC80ED}.Debug|Any CPU.ActiveCfg = Debug|Any CPU
		{32F029B2-6E95-43BE-8497-9414DEFC80ED}.Debug|Any CPU.Build.0 = Debug|Any CPU
		{32F029B2-6E95-43BE-8497-9414DEFC80ED}.Release|Any CPU.ActiveCfg = Release|Any CPU
		{32F029B2-6E95-43BE-8497-9414DEFC80ED}.Release|Any CPU.Build.0 = Release|Any CPU
	EndGlobalSection
	GlobalSection(SolutionProperties) = preSolution
		HideSolutionNode = FALSE
	EndGlobalSection
	GlobalSection(ExtensibilityGlobals) = postSolution
		SolutionGuid = {1995E9D2-4140-439C-B08E-EDB0F1C52FB7}
	EndGlobalSection
EndGlobal
